// !$*UTF8*$!
{
	archiveVersion = 1;
	classes = {
	};
	objectVersion = 50;
	objects = {

/* Begin PBXBuildFile section */
		B8ED912B21CC5A2300B26B71 /* AppDelegate.swift in Sources */ = {isa = PBXBuildFile; fileRef = B8ED912A21CC5A2300B26B71 /* AppDelegate.swift */; };
		B8ED913021CC5A2300B26B71 /* Main.storyboard in Resources */ = {isa = PBXBuildFile; fileRef = B8ED912E21CC5A2300B26B71 /* Main.storyboard */; };
		B8ED913221CC5A2600B26B71 /* Assets.xcassets in Resources */ = {isa = PBXBuildFile; fileRef = B8ED913121CC5A2600B26B71 /* Assets.xcassets */; };
		B8ED913521CC5A2600B26B71 /* LaunchScreen.storyboard in Resources */ = {isa = PBXBuildFile; fileRef = B8ED913321CC5A2600B26B71 /* LaunchScreen.storyboard */; };
		B8ED914021CC6ED500B26B71 /* WeatherViewController.swift in Sources */ = {isa = PBXBuildFile; fileRef = B8ED913F21CC6ED500B26B71 /* WeatherViewController.swift */; };
		B8ED914221CC931D00B26B71 /* DarkSkyService.swift in Sources */ = {isa = PBXBuildFile; fileRef = B8ED914121CC931D00B26B71 /* DarkSkyService.swift */; };
		B8ED914421CC971B00B26B71 /* WeatherData.swift in Sources */ = {isa = PBXBuildFile; fileRef = B8ED914321CC971B00B26B71 /* WeatherData.swift */; };
		C85CAE5D6792B7E78870B3DE /* Pods_Weather_App.framework in Frameworks */ = {isa = PBXBuildFile; fileRef = 8B271C0F8371002703073D3C /* Pods_Weather_App.framework */; };
/* End PBXBuildFile section */

/* Begin PBXFileReference section */
		8B271C0F8371002703073D3C /* Pods_Weather_App.framework */ = {isa = PBXFileReference; explicitFileType = wrapper.framework; includeInIndex = 0; path = Pods_Weather_App.framework; sourceTree = BUILT_PRODUCTS_DIR; };
		9DEBCA9ACD00C500B20A9A8C /* Pods-Weather App.release.xcconfig */ = {isa = PBXFileReference; includeInIndex = 1; lastKnownFileType = text.xcconfig; name = "Pods-Weather App.release.xcconfig"; path = "Pods/Target Support Files/Pods-Weather App/Pods-Weather App.release.xcconfig"; sourceTree = "<group>"; };
		B8ED912721CC5A2200B26B71 /* Weather App.app */ = {isa = PBXFileReference; explicitFileType = wrapper.application; includeInIndex = 0; path = "Weather App.app"; sourceTree = BUILT_PRODUCTS_DIR; };
		B8ED912A21CC5A2300B26B71 /* AppDelegate.swift */ = {isa = PBXFileReference; lastKnownFileType = sourcecode.swift; path = AppDelegate.swift; sourceTree = "<group>"; };
		B8ED912F21CC5A2300B26B71 /* Base */ = {isa = PBXFileReference; lastKnownFileType = file.storyboard; name = Base; path = Base.lproj/Main.storyboard; sourceTree = "<group>"; };
		B8ED913121CC5A2600B26B71 /* Assets.xcassets */ = {isa = PBXFileReference; lastKnownFileType = folder.assetcatalog; path = Assets.xcassets; sourceTree = "<group>"; };
		B8ED913421CC5A2600B26B71 /* Base */ = {isa = PBXFileReference; lastKnownFileType = file.storyboard; name = Base; path = Base.lproj/LaunchScreen.storyboard; sourceTree = "<group>"; };
		B8ED913621CC5A2600B26B71 /* Info.plist */ = {isa = PBXFileReference; lastKnownFileType = text.plist.xml; path = Info.plist; sourceTree = "<group>"; };
		B8ED913F21CC6ED500B26B71 /* WeatherViewController.swift */ = {isa = PBXFileReference; lastKnownFileType = sourcecode.swift; path = WeatherViewController.swift; sourceTree = "<group>"; };
		B8ED914121CC931D00B26B71 /* DarkSkyService.swift */ = {isa = PBXFileReference; lastKnownFileType = sourcecode.swift; path = DarkSkyService.swift; sourceTree = "<group>"; };
		B8ED914321CC971B00B26B71 /* WeatherData.swift */ = {isa = PBXFileReference; lastKnownFileType = sourcecode.swift; path = WeatherData.swift; sourceTree = "<group>"; };
		C336869422649BD12578A48C /* Pods-Weather App.debug.xcconfig */ = {isa = PBXFileReference; includeInIndex = 1; lastKnownFileType = text.xcconfig; name = "Pods-Weather App.debug.xcconfig"; path = "Pods/Target Support Files/Pods-Weather App/Pods-Weather App.debug.xcconfig"; sourceTree = "<group>"; };
/* End PBXFileReference section */

/* Begin PBXFrameworksBuildPhase section */
		B8ED912421CC5A2200B26B71 /* Frameworks */ = {
			isa = PBXFrameworksBuildPhase;
			buildActionMask = 2147483647;
			files = (
				C85CAE5D6792B7E78870B3DE /* Pods_Weather_App.framework in Frameworks */,
			);
			runOnlyForDeploymentPostprocessing = 0;
		};
/* End PBXFrameworksBuildPhase section */

/* Begin PBXGroup section */
		1CBF095224E215D56E2B450B /* Pods */ = {
			isa = PBXGroup;
			children = (
				C336869422649BD12578A48C /* Pods-Weather App.debug.xcconfig */,
				9DEBCA9ACD00C500B20A9A8C /* Pods-Weather App.release.xcconfig */,
			);
			name = Pods;
			sourceTree = "<group>";
		};
		639C7579BC47E470CFE3D105 /* Frameworks */ = {
			isa = PBXGroup;
			children = (
				8B271C0F8371002703073D3C /* Pods_Weather_App.framework */,
			);
			name = Frameworks;
			sourceTree = "<group>";
		};
		B8ED911E21CC5A2200B26B71 = {
			isa = PBXGroup;
			children = (
				B8ED912921CC5A2200B26B71 /* Weather App */,
				B8ED912821CC5A2200B26B71 /* Products */,
				1CBF095224E215D56E2B450B /* Pods */,
				639C7579BC47E470CFE3D105 /* Frameworks */,
			);
			sourceTree = "<group>";
		};
		B8ED912821CC5A2200B26B71 /* Products */ = {
			isa = PBXGroup;
			children = (
				B8ED912721CC5A2200B26B71 /* Weather App.app */,
			);
			name = Products;
			sourceTree = "<group>";
		};
		B8ED912921CC5A2200B26B71 /* Weather App */ = {
			isa = PBXGroup;
			children = (
				B8ED912A21CC5A2300B26B71 /* AppDelegate.swift */,
				B8ED913F21CC6ED500B26B71 /* WeatherViewController.swift */,
				B8ED914121CC931D00B26B71 /* DarkSkyService.swift */,
				B8ED914321CC971B00B26B71 /* WeatherData.swift */,
				B8ED912E21CC5A2300B26B71 /* Main.storyboard */,
				B8ED913121CC5A2600B26B71 /* Assets.xcassets */,
				B8ED913321CC5A2600B26B71 /* LaunchScreen.storyboard */,
				B8ED913621CC5A2600B26B71 /* Info.plist */,
			);
			path = "Weather App";
			sourceTree = "<group>";
		};
/* End PBXGroup section */

/* Begin PBXNativeTarget section */
		B8ED912621CC5A2200B26B71 /* Weather App */ = {
			isa = PBXNativeTarget;
			buildConfigurationList = B8ED913921CC5A2600B26B71 /* Build configuration list for PBXNativeTarget "Weather App" */;
			buildPhases = (
				C262DA96872DD11FE3463766 /* [CP] Check Pods Manifest.lock */,
				B8ED912321CC5A2200B26B71 /* Sources */,
				B8ED912421CC5A2200B26B71 /* Frameworks */,
				B8ED912521CC5A2200B26B71 /* Resources */,
				45B1E8218FC445FC5CBE5907 /* [CP] Embed Pods Frameworks */,
			);
			buildRules = (
			);
			dependencies = (
			);
			name = "Weather App";
			productName = "Weather App";
			productReference = B8ED912721CC5A2200B26B71 /* Weather App.app */;
			productType = "com.apple.product-type.application";
		};
/* End PBXNativeTarget section */

/* Begin PBXProject section */
		B8ED911F21CC5A2200B26B71 /* Project object */ = {
			isa = PBXProject;
			attributes = {
				LastSwiftUpdateCheck = 1010;
				LastUpgradeCheck = 1010;
				ORGANIZATIONNAME = "George Arias";
				TargetAttributes = {
					B8ED912621CC5A2200B26B71 = {
						CreatedOnToolsVersion = 10.1;
					};
				};
			};
			buildConfigurationList = B8ED912221CC5A2200B26B71 /* Build configuration list for PBXProject "Weather App" */;
			compatibilityVersion = "Xcode 9.3";
			developmentRegion = en;
			hasScannedForEncodings = 0;
			knownRegions = (
				en,
				Base,
			);
			mainGroup = B8ED911E21CC5A2200B26B71;
			productRefGroup = B8ED912821CC5A2200B26B71 /* Products */;
			projectDirPath = "";
			projectRoot = "";
			targets = (
				B8ED912621CC5A2200B26B71 /* Weather App */,
			);
		};
/* End PBXProject section */

/* Begin PBXResourcesBuildPhase section */
		B8ED912521CC5A2200B26B71 /* Resources */ = {
			isa = PBXResourcesBuildPhase;
			buildActionMask = 2147483647;
			files = (
				B8ED913521CC5A2600B26B71 /* LaunchScreen.storyboard in Resources */,
				B8ED913221CC5A2600B26B71 /* Assets.xcassets in Resources */,
				B8ED913021CC5A2300B26B71 /* Main.storyboard in Resources */,
			);
			runOnlyForDeploymentPostprocessing = 0;
		};
/* End PBXResourcesBuildPhase section */

/* Begin PBXShellScriptBuildPhase section */
		45B1E8218FC445FC5CBE5907 /* [CP] Embed Pods Frameworks */ = {
			isa = PBXShellScriptBuildPhase;
			buildActionMask = 2147483647;
			files = (
			);
			inputFileListPaths = (
			);
			inputPaths = (
				"${SRCROOT}/Pods/Target Support Files/Pods-Weather App/Pods-Weather App-frameworks.sh",
				"${BUILT_PRODUCTS_DIR}/Alamofire/Alamofire.framework",
				"${BUILT_PRODUCTS_DIR}/SwiftyJSON/SwiftyJSON.framework",
			);
			name = "[CP] Embed Pods Frameworks";
			outputFileListPaths = (
			);
			outputPaths = (
				"${TARGET_BUILD_DIR}/${FRAMEWORKS_FOLDER_PATH}/Alamofire.framework",
				"${TARGET_BUILD_DIR}/${FRAMEWORKS_FOLDER_PATH}/SwiftyJSON.framework",
			);
			runOnlyForDeploymentPostprocessing = 0;
			shellPath = /bin/sh;
			shellScript = "\"${SRCROOT}/Pods/Target Support Files/Pods-Weather App/Pods-Weather App-frameworks.sh\"\n";
			showEnvVarsInLog = 0;
		};
		C262DA96872DD11FE3463766 /* [CP] Check Pods Manifest.lock */ = {
			isa = PBXShellScriptBuildPhase;
			buildActionMask = 2147483647;
			files = (
			);
			inputFileListPaths = (
			);
			inputPaths = (
				"${PODS_PODFILE_DIR_PATH}/Podfile.lock",
				"${PODS_ROOT}/Manifest.lock",
			);
			name = "[CP] Check Pods Manifest.lock";
			outputFileListPaths = (
			);
			outputPaths = (
				"$(DERIVED_FILE_DIR)/Pods-Weather App-checkManifestLockResult.txt",
			);
			runOnlyForDeploymentPostprocessing = 0;
			shellPath = /bin/sh;
			shellScript = "diff \"${PODS_PODFILE_DIR_PATH}/Podfile.lock\" \"${PODS_ROOT}/Manifest.lock\" > /dev/null\nif [ $? != 0 ] ; then\n    # print error to STDERR\n    echo \"error: The sandbox is not in sync with the Podfile.lock. Run 'pod install' or update your CocoaPods installation.\" >&2\n    exit 1\nfi\n# This output is used by Xcode 'outputs' to avoid re-running this script phase.\necho \"SUCCESS\" > \"${SCRIPT_OUTPUT_FILE_0}\"\n";
			showEnvVarsInLog = 0;
		};
/* End PBXShellScriptBuildPhase section */

/* Begin PBXSourcesBuildPhase section */
		B8ED912321CC5A2200B26B71 /* Sources */ = {
			isa = PBXSourcesBuildPhase;
			buildActionMask = 2147483647;
			files = (
				B8ED912B21CC5A2300B26B71 /* AppDelegate.swift in Sources */,
				B8ED914221CC931D00B26B71 /* DarkSkyService.swift in Sources */,
				B8ED914421CC971B00B26B71 /* WeatherData.swift in Sources */,
				B8ED914021CC6ED500B26B71 /* WeatherViewController.swift in Sources */,
			);
			runOnlyForDeploymentPostprocessing = 0;
		};
/* End PBXSourcesBuildPhase section */

/* Begin PBXVariantGroup section */
		B8ED912E21CC5A2300B26B71 /* Main.storyboard */ = {
			isa = PBXVariantGroup;
			children = (
				B8ED912F21CC5A2300B26B71 /* Base */,
			);
			name = Main.storyboard;
			sourceTree = "<group>";
		};
		B8ED913321CC5A2600B26B71 /* LaunchScreen.storyboard */ = {
			isa = PBXVariantGroup;
			children = (
				B8ED913421CC5A2600B26B71 /* Base */,
			);
			name = LaunchScreen.storyboard;
			sourceTree = "<group>";
		};
/* End PBXVariantGroup section */

/* Begin XCBuildConfiguration section */
		B8ED913721CC5A2600B26B71 /* Debug */ = {
			isa = XCBuildConfiguration;
			buildSettings = {
				ALWAYS_SEARCH_USER_PATHS = NO;
				CLANG_ANALYZER_NONNULL = YES;
				CLANG_ANALYZER_NUMBER_OBJECT_CONVERSION = YES_AGGRESSIVE;
				CLANG_CXX_LANGUAGE_STANDARD = "gnu++14";
				CLANG_CXX_LIBRARY = "libc++";
				CLANG_ENABLE_MODULES = YES;
				CLANG_ENABLE_OBJC_ARC = YES;
				CLANG_ENABLE_OBJC_WEAK = YES;
				CLANG_WARN_BLOCK_CAPTURE_AUTORELEASING = YES;
				CLANG_WARN_BOOL_CONVERSION = YES;
				CLANG_WARN_COMMA = YES;
				CLANG_WARN_CONSTANT_CONVERSION = YES;
				CLANG_WARN_DEPRECATED_OBJC_IMPLEMENTATIONS = YES;
				CLANG_WARN_DIRECT_OBJC_ISA_USAGE = YES_ERROR;
				CLANG_WARN_DOCUMENTATION_COMMENTS = YES;
				CLANG_WARN_EMPTY_BODY = YES;
				CLANG_WARN_ENUM_CONVERSION = YES;
				CLANG_WARN_INFINITE_RECURSION = YES;
				CLANG_WARN_INT_CONVERSION = YES;
				CLANG_WARN_NON_LITERAL_NULL_CONVERSION = YES;
				CLANG_WARN_OBJC_IMPLICIT_RETAIN_SELF = YES;
				CLANG_WARN_OBJC_LITERAL_CONVERSION = YES;
				CLANG_WARN_OBJC_ROOT_CLASS = YES_ERROR;
				CLANG_WARN_RANGE_LOOP_ANALYSIS = YES;
				CLANG_WARN_STRICT_PROTOTYPES = YES;
				CLANG_WARN_SUSPICIOUS_MOVE = YES;
				CLANG_WARN_UNGUARDED_AVAILABILITY = YES_AGGRESSIVE;
				CLANG_WARN_UNREACHABLE_CODE = YES;
				CLANG_WARN__DUPLICATE_METHOD_MATCH = YES;
				CODE_SIGN_IDENTITY = "iPhone Developer";
				COPY_PHASE_STRIP = NO;
				DEBUG_INFORMATION_FORMAT = dwarf;
				ENABLE_STRICT_OBJC_MSGSEND = YES;
				ENABLE_TESTABILITY = YES;
				GCC_C_LANGUAGE_STANDARD = gnu11;
				GCC_DYNAMIC_NO_PIC = NO;
				GCC_NO_COMMON_BLOCKS = YES;
				GCC_OPTIMIZATION_LEVEL = 0;
				GCC_PREPROCESSOR_DEFINITIONS = (
					"DEBUG=1",
					"$(inherited)",
				);
				GCC_WARN_64_TO_32_BIT_CONVERSION = YES;
				GCC_WARN_ABOUT_RETURN_TYPE = YES_ERROR;
				GCC_WARN_UNDECLARED_SELECTOR = YES;
				GCC_WARN_UNINITIALIZED_AUTOS = YES_AGGRESSIVE;
				GCC_WARN_UNUSED_FUNCTION = YES;
				GCC_WARN_UNUSED_VARIABLE = YES;
				IPHONEOS_DEPLOYMENT_TARGET = 12.1;
				MTL_ENABLE_DEBUG_INFO = INCLUDE_SOURCE;
				MTL_FAST_MATH = YES;
				ONLY_ACTIVE_ARCH = YES;
				SDKROOT = iphoneos;
				SWIFT_ACTIVE_COMPILATION_CONDITIONS = DEBUG;
				SWIFT_OPTIMIZATION_LEVEL = "-Onone";
			};
			name = Debug;
		};
		B8ED913821CC5A2600B26B71 /* Release */ = {
			isa = XCBuildConfiguration;
			buildSettings = {
				ALWAYS_SEARCH_USER_PATHS = NO;
				CLANG_ANALYZER_NONNULL = YES;
				CLANG_ANALYZER_NUMBER_OBJECT_CONVERSION = YES_AGGRESSIVE;
				CLANG_CXX_LANGUAGE_STANDARD = "gnu++14";
				CLANG_CXX_LIBRARY = "libc++";
				CLANG_ENABLE_MODULES = YES;
				CLANG_ENABLE_OBJC_ARC = YES;
				CLANG_ENABLE_OBJC_WEAK = YES;
				CLANG_WARN_BLOCK_CAPTURE_AUTORELEASING = YES;
				CLANG_WARN_BOOL_CONVERSION = YES;
				CLANG_WARN_COMMA = YES;
				CLANG_WARN_CONSTANT_CONVERSION = YES;
				CLANG_WARN_DEPRECATED_OBJC_IMPLEMENTATIONS = YES;
				CLANG_WARN_DIRECT_OBJC_ISA_USAGE = YES_ERROR;
				CLANG_WARN_DOCUMENTATION_COMMENTS = YES;
				CLANG_WARN_EMPTY_BODY = YES;
				CLANG_WARN_ENUM_CONVERSION = YES;
				CLANG_WARN_INFINITE_RECURSION = YES;
				CLANG_WARN_INT_CONVERSION = YES;
				CLANG_WARN_NON_LITERAL_NULL_CONVERSION = YES;
				CLANG_WARN_OBJC_IMPLICIT_RETAIN_SELF = YES;
				CLANG_WARN_OBJC_LITERAL_CONVERSION = YES;
				CLANG_WARN_OBJC_ROOT_CLASS = YES_ERROR;
				CLANG_WARN_RANGE_LOOP_ANALYSIS = YES;
				CLANG_WARN_STRICT_PROTOTYPES = YES;
				CLANG_WARN_SUSPICIOUS_MOVE = YES;
				CLANG_WARN_UNGUARDED_AVAILABILITY = YES_AGGRESSIVE;
				CLANG_WARN_UNREACHABLE_CODE = YES;
				CLANG_WARN__DUPLICATE_METHOD_MATCH = YES;
				CODE_SIGN_IDENTITY = "iPhone Developer";
				COPY_PHASE_STRIP = NO;
				DEBUG_INFORMATION_FORMAT = "dwarf-with-dsym";
				ENABLE_NS_ASSERTIONS = NO;
				ENABLE_STRICT_OBJC_MSGSEND = YES;
				GCC_C_LANGUAGE_STANDARD = gnu11;
				GCC_NO_COMMON_BLOCKS = YES;
				GCC_WARN_64_TO_32_BIT_CONVERSION = YES;
				GCC_WARN_ABOUT_RETURN_TYPE = YES_ERROR;
				GCC_WARN_UNDECLARED_SELECTOR = YES;
				GCC_WARN_UNINITIALIZED_AUTOS = YES_AGGRESSIVE;
				GCC_WARN_UNUSED_FUNCTION = YES;
				GCC_WARN_UNUSED_VARIABLE = YES;
				IPHONEOS_DEPLOYMENT_TARGET = 12.1;
				MTL_ENABLE_DEBUG_INFO = NO;
				MTL_FAST_MATH = YES;
				SDKROOT = iphoneos;
				SWIFT_COMPILATION_MODE = wholemodule;
				SWIFT_OPTIMIZATION_LEVEL = "-O";
				VALIDATE_PRODUCT = YES;
			};
			name = Release;
		};
		B8ED913A21CC5A2600B26B71 /* Debug */ = {
			isa = XCBuildConfiguration;
			baseConfigurationReference = C336869422649BD12578A48C /* Pods-Weather App.debug.xcconfig */;
			buildSettings = {
				ASSETCATALOG_COMPILER_APPICON_NAME = AppIcon;
				CODE_SIGN_STYLE = Automatic;
				INFOPLIST_FILE = "Weather App/Info.plist";
				LD_RUNPATH_SEARCH_PATHS = (
					"$(inherited)",
					"@executable_path/Frameworks",
				);
				PRODUCT_BUNDLE_IDENTIFIER = "com.ios.Weather-App";
				PRODUCT_NAME = "$(TARGET_NAME)";
				SWIFT_VERSION = 4.2;
				TARGETED_DEVICE_FAMILY = "1,2";
			};
			name = Debug;
		};
		B8ED913B21CC5A2600B26B71 /* Release */ = {
			isa = XCBuildConfiguration;
			baseConfigurationReference = 9DEBCA9ACD00C500B20A9A8C /* Pods-Weather App.release.xcconfig */;
			buildSettings = {
				ASSETCATALOG_COMPILER_APPICON_NAME = AppIcon;
				CODE_SIGN_STYLE = Automatic;
				INFOPLIST_FILE = "Weather App/Info.plist";
				LD_RUNPATH_SEARCH_PATHS = (
					"$(inherited)",
					"@executable_path/Frameworks",
				);
				PRODUCT_BUNDLE_IDENTIFIER = "com.ios.Weather-App";
				PRODUCT_NAME = "$(TARGET_NAME)";
				SWIFT_VERSION = 4.2;
				TARGETED_DEVICE_FAMILY = "1,2";
			};
			name = Release;
		};
/* End XCBuildConfiguration section */

/* Begin XCConfigurationList section */
		B8ED912221CC5A2200B26B71 /* Build configuration list for PBXProject "Weather App" */ = {
			isa = XCConfigurationList;
			buildConfigurations = (
				B8ED913721CC5A2600B26B71 /* Debug */,
				B8ED913821CC5A2600B26B71 /* Release */,
			);
			defaultConfigurationIsVisible = 0;
			defaultConfigurationName = Release;
		};
		B8ED913921CC5A2600B26B71 /* Build configuration list for PBXNativeTarget "Weather App" */ = {
			isa = XCConfigurationList;
			buildConfigurations = (
				B8ED913A21CC5A2600B26B71 /* Debug */,
				B8ED913B21CC5A2600B26B71 /* Release */,
			);
			defaultConfigurationIsVisible = 0;
			defaultConfigurationName = Release;
		};
/* End XCConfigurationList section */
	};
	rootObject = B8ED911F21CC5A2200B26B71 /* Project object */;
}
